// !$*UTF8*$!
{
	archiveVersion = 1;
	classes = {
	};
	objectVersion = 46;
	objects = {

/* Begin PBXBuildFile section */
		521B3CCA1B100B8C00A0C56A /* Activity.swift in Sources */ = {isa = PBXBuildFile; fileRef = 521B3CC41B100B8C00A0C56A /* Activity.swift */; };
		521B3CCB1B100B8C00A0C56A /* HistoryViewController.swift in Sources */ = {isa = PBXBuildFile; fileRef = 521B3CC51B100B8C00A0C56A /* HistoryViewController.swift */; };
		521B3CCC1B100B8C00A0C56A /* MotionManager.swift in Sources */ = {isa = PBXBuildFile; fileRef = 521B3CC61B100B8C00A0C56A /* MotionManager.swift */; };
		521B3CD31B100E9100A0C56A /* Main.storyboard in Resources */ = {isa = PBXBuildFile; fileRef = 521B3CC01B0FEFE600A0C56A /* Main.storyboard */; };
		52B86B001B0FE99F00F341D0 /* AppDelegate.swift in Sources */ = {isa = PBXBuildFile; fileRef = 52B86AFF1B0FE99F00F341D0 /* AppDelegate.swift */; };
		E91C32181B84112E00148A5F /* InterfaceController.swift in Sources */ = {isa = PBXBuildFile; fileRef = E91C32171B84112E00148A5F /* InterfaceController.swift */; };
		E91C321A1B84112E00148A5F /* NotificationController.swift in Sources */ = {isa = PBXBuildFile; fileRef = E91C32191B84112E00148A5F /* NotificationController.swift */; };
		E91C321C1B84112E00148A5F /* GlanceController.swift in Sources */ = {isa = PBXBuildFile; fileRef = E91C321B1B84112E00148A5F /* GlanceController.swift */; };
		E91C321E1B84112E00148A5F /* Images.xcassets in Resources */ = {isa = PBXBuildFile; fileRef = E91C321D1B84112E00148A5F /* Images.xcassets */; };
		E91C32221B84112E00148A5F /* MusicMotion WatchKit App.app in Resources */ = {isa = PBXBuildFile; fileRef = E91C32211B84112E00148A5F /* MusicMotion WatchKit App.app */; };
		E91C322A1B84112E00148A5F /* Interface.storyboard in Resources */ = {isa = PBXBuildFile; fileRef = E91C32281B84112E00148A5F /* Interface.storyboard */; };
		E91C322C1B84112E00148A5F /* Images.xcassets in Resources */ = {isa = PBXBuildFile; fileRef = E91C322B1B84112E00148A5F /* Images.xcassets */; };
		E91C322F1B84112E00148A5F /* MusicMotion WatchKit Extension.appex in Embed App Extensions */ = {isa = PBXBuildFile; fileRef = E91C32121B84112E00148A5F /* MusicMotion WatchKit Extension.appex */; settings = {ATTRIBUTES = (RemoveHeadersOnCopy, ); }; };
		E9E9EABF1B7976F400BEAA59 /* LiveViewController.swift in Sources */ = {isa = PBXBuildFile; fileRef = E9E9EABE1B7976F400BEAA59 /* LiveViewController.swift */; };
		E9E9EAC11B797C3700BEAA59 /* Images.xcassets in Resources */ = {isa = PBXBuildFile; fileRef = E9E9EAC01B797C3700BEAA59 /* Images.xcassets */; };
/* End PBXBuildFile section */

/* Begin PBXContainerItemProxy section */
		E91C32231B84112E00148A5F /* PBXContainerItemProxy */ = {
			isa = PBXContainerItemProxy;
			containerPortal = 5239139A1B014F7600B5C8F1 /* Project object */;
			proxyType = 1;
			remoteGlobalIDString = E91C32201B84112E00148A5F;
			remoteInfo = "MusicMotion WatchKit App";
		};
		E91C322D1B84112E00148A5F /* PBXContainerItemProxy */ = {
			isa = PBXContainerItemProxy;
			containerPortal = 5239139A1B014F7600B5C8F1 /* Project object */;
			proxyType = 1;
			remoteGlobalIDString = E91C32111B84112E00148A5F;
			remoteInfo = "MusicMotion WatchKit Extension";
		};
/* End PBXContainerItemProxy section */

/* Begin PBXCopyFilesBuildPhase section */
		E91C32361B84112E00148A5F /* Embed App Extensions */ = {
			isa = PBXCopyFilesBuildPhase;
			buildActionMask = 2147483647;
			dstPath = "";
			dstSubfolderSpec = 13;
			files = (
				E91C322F1B84112E00148A5F /* MusicMotion WatchKit Extension.appex in Embed App Extensions */,
			);
			name = "Embed App Extensions";
			runOnlyForDeploymentPostprocessing = 0;
		};
/* End PBXCopyFilesBuildPhase section */

/* Begin PBXFileReference section */
		521B3CC11B0FEFE600A0C56A /* Base */ = {isa = PBXFileReference; lastKnownFileType = file.storyboard; name = Base; path = Base.lproj/Main.storyboard; sourceTree = "<group>"; };
		521B3CC41B100B8C00A0C56A /* Activity.swift */ = {isa = PBXFileReference; fileEncoding = 4; lastKnownFileType = sourcecode.swift; path = Activity.swift; sourceTree = "<group>"; };
		521B3CC51B100B8C00A0C56A /* HistoryViewController.swift */ = {isa = PBXFileReference; fileEncoding = 4; lastKnownFileType = sourcecode.swift; path = HistoryViewController.swift; sourceTree = "<group>"; };
		521B3CC61B100B8C00A0C56A /* MotionManager.swift */ = {isa = PBXFileReference; fileEncoding = 4; lastKnownFileType = sourcecode.swift; path = MotionManager.swift; sourceTree = "<group>"; };
		523913A21B014F7600B5C8F1 /* MusicMotion.app */ = {isa = PBXFileReference; explicitFileType = wrapper.application; includeInIndex = 0; path = MusicMotion.app; sourceTree = BUILT_PRODUCTS_DIR; };
		529074F11B143E2E0085CFF8 /* README.md */ = {isa = PBXFileReference; fileEncoding = 4; lastKnownFileType = net.daringfireball.markdown; path = README.md; sourceTree = "<group>"; };
		52B86AFF1B0FE99F00F341D0 /* AppDelegate.swift */ = {isa = PBXFileReference; fileEncoding = 4; lastKnownFileType = sourcecode.swift; name = AppDelegate.swift; path = MusicMotion/AppDelegate.swift; sourceTree = SOURCE_ROOT; };
		52B86B181B0FEAB700F341D0 /* Info.plist */ = {isa = PBXFileReference; fileEncoding = 4; lastKnownFileType = text.plist.xml; name = Info.plist; path = MusicMotion/Info.plist; sourceTree = SOURCE_ROOT; };
		E91C32121B84112E00148A5F /* MusicMotion WatchKit Extension.appex */ = {isa = PBXFileReference; explicitFileType = "wrapper.app-extension"; includeInIndex = 0; path = "MusicMotion WatchKit Extension.appex"; sourceTree = BUILT_PRODUCTS_DIR; };
		E91C32151B84112E00148A5F /* Info.plist */ = {isa = PBXFileReference; lastKnownFileType = text.plist.xml; path = Info.plist; sourceTree = "<group>"; };
		E91C32161B84112E00148A5F /* PushNotificationPayload.apns */ = {isa = PBXFileReference; lastKnownFileType = text; path = PushNotificationPayload.apns; sourceTree = "<group>"; };
		E91C32171B84112E00148A5F /* InterfaceController.swift */ = {isa = PBXFileReference; lastKnownFileType = sourcecode.swift; path = InterfaceController.swift; sourceTree = "<group>"; };
		E91C32191B84112E00148A5F /* NotificationController.swift */ = {isa = PBXFileReference; lastKnownFileType = sourcecode.swift; path = NotificationController.swift; sourceTree = "<group>"; };
		E91C321B1B84112E00148A5F /* GlanceController.swift */ = {isa = PBXFileReference; lastKnownFileType = sourcecode.swift; path = GlanceController.swift; sourceTree = "<group>"; };
		E91C321D1B84112E00148A5F /* Images.xcassets */ = {isa = PBXFileReference; lastKnownFileType = folder.assetcatalog; path = Images.xcassets; sourceTree = "<group>"; };
		E91C32211B84112E00148A5F /* MusicMotion WatchKit App.app */ = {isa = PBXFileReference; explicitFileType = wrapper.application; includeInIndex = 0; path = "MusicMotion WatchKit App.app"; sourceTree = BUILT_PRODUCTS_DIR; };
		E91C32271B84112E00148A5F /* Info.plist */ = {isa = PBXFileReference; lastKnownFileType = text.plist.xml; path = Info.plist; sourceTree = "<group>"; };
		E91C32291B84112E00148A5F /* Base */ = {isa = PBXFileReference; lastKnownFileType = file.storyboard; name = Base; path = Base.lproj/Interface.storyboard; sourceTree = "<group>"; };
		E91C322B1B84112E00148A5F /* Images.xcassets */ = {isa = PBXFileReference; lastKnownFileType = folder.assetcatalog; path = Images.xcassets; sourceTree = "<group>"; };
		E9E9EABE1B7976F400BEAA59 /* LiveViewController.swift */ = {isa = PBXFileReference; fileEncoding = 4; lastKnownFileType = sourcecode.swift; path = LiveViewController.swift; sourceTree = "<group>"; };
		E9E9EAC01B797C3700BEAA59 /* Images.xcassets */ = {isa = PBXFileReference; lastKnownFileType = folder.assetcatalog; path = Images.xcassets; sourceTree = SOURCE_ROOT; };
/* End PBXFileReference section */

/* Begin PBXFrameworksBuildPhase section */
		5239139F1B014F7600B5C8F1 /* Frameworks */ = {
			isa = PBXFrameworksBuildPhase;
			buildActionMask = 2147483647;
			files = (
			);
			runOnlyForDeploymentPostprocessing = 0;
		};
		E91C320F1B84112E00148A5F /* Frameworks */ = {
			isa = PBXFrameworksBuildPhase;
			buildActionMask = 2147483647;
			files = (
			);
			runOnlyForDeploymentPostprocessing = 0;
		};
/* End PBXFrameworksBuildPhase section */

/* Begin PBXGroup section */
		521B3CD01B100D8200A0C56A /* View Controller Classes */ = {
			isa = PBXGroup;
			children = (
				521B3CC51B100B8C00A0C56A /* HistoryViewController.swift */,
				E9E9EABE1B7976F400BEAA59 /* LiveViewController.swift */,
			);
			name = "View Controller Classes";
			sourceTree = "<group>";
		};
		521B3CD11B100D9300A0C56A /* Data Model Classes */ = {
			isa = PBXGroup;
			children = (
				521B3CC41B100B8C00A0C56A /* Activity.swift */,
				521B3CC61B100B8C00A0C56A /* MotionManager.swift */,
			);
			name = "Data Model Classes";
			sourceTree = "<group>";
		};
		523913991B014F7600B5C8F1 = {
			isa = PBXGroup;
			children = (
				529074F11B143E2E0085CFF8 /* README.md */,
				523913A41B014F7600B5C8F1 /* MusicMotion */,
				E91C32131B84112E00148A5F /* MusicMotion WatchKit Extension */,
				E91C32251B84112E00148A5F /* MusicMotion WatchKit App */,
				523913A31B014F7600B5C8F1 /* Products */,
			);
			sourceTree = "<group>";
		};
		523913A31B014F7600B5C8F1 /* Products */ = {
			isa = PBXGroup;
			children = (
				523913A21B014F7600B5C8F1 /* MusicMotion.app */,
				E91C32121B84112E00148A5F /* MusicMotion WatchKit Extension.appex */,
				E91C32211B84112E00148A5F /* MusicMotion WatchKit App.app */,
			);
			name = Products;
			sourceTree = "<group>";
		};
		523913A41B014F7600B5C8F1 /* MusicMotion */ = {
			isa = PBXGroup;
			children = (
				52B86AFF1B0FE99F00F341D0 /* AppDelegate.swift */,
				E9E9EAC01B797C3700BEAA59 /* Images.xcassets */,
				521B3CC01B0FEFE600A0C56A /* Main.storyboard */,
				521B3CD01B100D8200A0C56A /* View Controller Classes */,
				521B3CD11B100D9300A0C56A /* Data Model Classes */,
				52B86B181B0FEAB700F341D0 /* Info.plist */,
			);
			path = MusicMotion;
			sourceTree = "<group>";
		};
		E91C32131B84112E00148A5F /* MusicMotion WatchKit Extension */ = {
			isa = PBXGroup;
			children = (
				E91C32171B84112E00148A5F /* InterfaceController.swift */,
				E91C32191B84112E00148A5F /* NotificationController.swift */,
				E91C321B1B84112E00148A5F /* GlanceController.swift */,
				E91C321D1B84112E00148A5F /* Images.xcassets */,
				E91C32141B84112E00148A5F /* Supporting Files */,
			);
			path = "MusicMotion WatchKit Extension";
			sourceTree = "<group>";
		};
		E91C32141B84112E00148A5F /* Supporting Files */ = {
			isa = PBXGroup;
			children = (
				E91C32151B84112E00148A5F /* Info.plist */,
				E91C32161B84112E00148A5F /* PushNotificationPayload.apns */,
			);
			name = "Supporting Files";
			sourceTree = "<group>";
		};
		E91C32251B84112E00148A5F /* MusicMotion WatchKit App */ = {
			isa = PBXGroup;
			children = (
				E91C32281B84112E00148A5F /* Interface.storyboard */,
				E91C322B1B84112E00148A5F /* Images.xcassets */,
				E91C32261B84112E00148A5F /* Supporting Files */,
			);
			path = "MusicMotion WatchKit App";
			sourceTree = "<group>";
		};
		E91C32261B84112E00148A5F /* Supporting Files */ = {
			isa = PBXGroup;
			children = (
				E91C32271B84112E00148A5F /* Info.plist */,
			);
			name = "Supporting Files";
			sourceTree = "<group>";
		};
/* End PBXGroup section */

/* Begin PBXNativeTarget section */
		523913A11B014F7600B5C8F1 /* MusicMotion */ = {
			isa = PBXNativeTarget;
			buildConfigurationList = 523913BF1B014F7600B5C8F1 /* Build configuration list for PBXNativeTarget "MusicMotion" */;
			buildPhases = (
				5239139E1B014F7600B5C8F1 /* Sources */,
				5239139F1B014F7600B5C8F1 /* Frameworks */,
				523913A01B014F7600B5C8F1 /* Resources */,
				E91C32361B84112E00148A5F /* Embed App Extensions */,
			);
			buildRules = (
			);
			dependencies = (
				E91C322E1B84112E00148A5F /* PBXTargetDependency */,
			);
			name = MusicMotion;
			productName = MusicMotion;
			productReference = 523913A21B014F7600B5C8F1 /* MusicMotion.app */;
			productType = "com.apple.product-type.application";
		};
		E91C32111B84112E00148A5F /* MusicMotion WatchKit Extension */ = {
			isa = PBXNativeTarget;
			buildConfigurationList = E91C32351B84112E00148A5F /* Build configuration list for PBXNativeTarget "MusicMotion WatchKit Extension" */;
			buildPhases = (
				E91C320E1B84112E00148A5F /* Sources */,
				E91C320F1B84112E00148A5F /* Frameworks */,
				E91C32101B84112E00148A5F /* Resources */,
			);
			buildRules = (
			);
			dependencies = (
				E91C32241B84112E00148A5F /* PBXTargetDependency */,
			);
			name = "MusicMotion WatchKit Extension";
			productName = "MusicMotion WatchKit Extension";
			productReference = E91C32121B84112E00148A5F /* MusicMotion WatchKit Extension.appex */;
			productType = "com.apple.product-type.watchkit-extension";
		};
		E91C32201B84112E00148A5F /* MusicMotion WatchKit App */ = {
			isa = PBXNativeTarget;
			buildConfigurationList = E91C32341B84112E00148A5F /* Build configuration list for PBXNativeTarget "MusicMotion WatchKit App" */;
			buildPhases = (
				E91C321F1B84112E00148A5F /* Resources */,
			);
			buildRules = (
			);
			dependencies = (
			);
			name = "MusicMotion WatchKit App";
			productName = "MusicMotion WatchKit App";
			productReference = E91C32211B84112E00148A5F /* MusicMotion WatchKit App.app */;
			productType = "com.apple.product-type.application.watchapp";
		};
/* End PBXNativeTarget section */

/* Begin PBXProject section */
		5239139A1B014F7600B5C8F1 /* Project object */ = {
			isa = PBXProject;
			attributes = {
				LastUpgradeCheck = 0700;
				ORGANIZATIONNAME = "Apple Inc.";
				TargetAttributes = {
					523913A11B014F7600B5C8F1 = {
						CreatedOnToolsVersion = 7.0;
					};
					E91C32111B84112E00148A5F = {
						CreatedOnToolsVersion = 6.4;
						DevelopmentTeam = 4ZFPM47P5D;
					};
					E91C32201B84112E00148A5F = {
						CreatedOnToolsVersion = 6.4;
						DevelopmentTeam = 4ZFPM47P5D;
					};
				};
			};
			buildConfigurationList = 5239139D1B014F7600B5C8F1 /* Build configuration list for PBXProject "MusicMotion" */;
			compatibilityVersion = "Xcode 3.2";
			developmentRegion = English;
			hasScannedForEncodings = 0;
			knownRegions = (
				en,
				Base,
			);
			mainGroup = 523913991B014F7600B5C8F1;
			productRefGroup = 523913A31B014F7600B5C8F1 /* Products */;
			projectDirPath = "";
			projectRoot = "";
			targets = (
				523913A11B014F7600B5C8F1 /* MusicMotion */,
				E91C32111B84112E00148A5F /* MusicMotion WatchKit Extension */,
				E91C32201B84112E00148A5F /* MusicMotion WatchKit App */,
			);
		};
/* End PBXProject section */

/* Begin PBXResourcesBuildPhase section */
		523913A01B014F7600B5C8F1 /* Resources */ = {
			isa = PBXResourcesBuildPhase;
			buildActionMask = 2147483647;
			files = (
				521B3CD31B100E9100A0C56A /* Main.storyboard in Resources */,
				E9E9EAC11B797C3700BEAA59 /* Images.xcassets in Resources */,
			);
			runOnlyForDeploymentPostprocessing = 0;
		};
		E91C32101B84112E00148A5F /* Resources */ = {
			isa = PBXResourcesBuildPhase;
			buildActionMask = 2147483647;
			files = (
				E91C32221B84112E00148A5F /* MusicMotion WatchKit App.app in Resources */,
				E91C321E1B84112E00148A5F /* Images.xcassets in Resources */,
			);
			runOnlyForDeploymentPostprocessing = 0;
		};
		E91C321F1B84112E00148A5F /* Resources */ = {
			isa = PBXResourcesBuildPhase;
			buildActionMask = 2147483647;
			files = (
				E91C322A1B84112E00148A5F /* Interface.storyboard in Resources */,
				E91C322C1B84112E00148A5F /* Images.xcassets in Resources */,
			);
			runOnlyForDeploymentPostprocessing = 0;
		};
/* End PBXResourcesBuildPhase section */

/* Begin PBXSourcesBuildPhase section */
		5239139E1B014F7600B5C8F1 /* Sources */ = {
			isa = PBXSourcesBuildPhase;
			buildActionMask = 2147483647;
			files = (
				521B3CCB1B100B8C00A0C56A /* HistoryViewController.swift in Sources */,
				521B3CCA1B100B8C00A0C56A /* Activity.swift in Sources */,
				52B86B001B0FE99F00F341D0 /* AppDelegate.swift in Sources */,
				521B3CCC1B100B8C00A0C56A /* MotionManager.swift in Sources */,
				E9E9EABF1B7976F400BEAA59 /* LiveViewController.swift in Sources */,
			);
			runOnlyForDeploymentPostprocessing = 0;
		};
		E91C320E1B84112E00148A5F /* Sources */ = {
			isa = PBXSourcesBuildPhase;
			buildActionMask = 2147483647;
			files = (
				E91C321A1B84112E00148A5F /* NotificationController.swift in Sources */,
				E91C32181B84112E00148A5F /* InterfaceController.swift in Sources */,
				E91C321C1B84112E00148A5F /* GlanceController.swift in Sources */,
			);
			runOnlyForDeploymentPostprocessing = 0;
		};
/* End PBXSourcesBuildPhase section */

/* Begin PBXTargetDependency section */
		E91C32241B84112E00148A5F /* PBXTargetDependency */ = {
			isa = PBXTargetDependency;
			target = E91C32201B84112E00148A5F /* MusicMotion WatchKit App */;
			targetProxy = E91C32231B84112E00148A5F /* PBXContainerItemProxy */;
		};
		E91C322E1B84112E00148A5F /* PBXTargetDependency */ = {
			isa = PBXTargetDependency;
			target = E91C32111B84112E00148A5F /* MusicMotion WatchKit Extension */;
			targetProxy = E91C322D1B84112E00148A5F /* PBXContainerItemProxy */;
		};
/* End PBXTargetDependency section */

/* Begin PBXVariantGroup section */
		521B3CC01B0FEFE600A0C56A /* Main.storyboard */ = {
			isa = PBXVariantGroup;
			children = (
				521B3CC11B0FEFE600A0C56A /* Base */,
			);
			name = Main.storyboard;
			sourceTree = "<group>";
		};
		E91C32281B84112E00148A5F /* Interface.storyboard */ = {
			isa = PBXVariantGroup;
			children = (
				E91C32291B84112E00148A5F /* Base */,
			);
			name = Interface.storyboard;
			sourceTree = "<group>";
		};
/* End PBXVariantGroup section */

/* Begin XCBuildConfiguration section */
		523913BD1B014F7600B5C8F1 /* Debug */ = {
			isa = XCBuildConfiguration;
			buildSettings = {
				ALWAYS_SEARCH_USER_PATHS = NO;
				CLANG_CXX_LANGUAGE_STANDARD = "gnu++0x";
				CLANG_CXX_LIBRARY = "libc++";
				CLANG_ENABLE_MODULES = YES;
				CLANG_ENABLE_OBJC_ARC = YES;
				CLANG_WARN_BOOL_CONVERSION = YES;
				CLANG_WARN_CONSTANT_CONVERSION = YES;
				CLANG_WARN_DIRECT_OBJC_ISA_USAGE = YES_ERROR;
				CLANG_WARN_EMPTY_BODY = YES;
				CLANG_WARN_ENUM_CONVERSION = YES;
				CLANG_WARN_INT_CONVERSION = YES;
				CLANG_WARN_OBJC_ROOT_CLASS = YES_ERROR;
				CLANG_WARN_UNREACHABLE_CODE = YES;
				CLANG_WARN__DUPLICATE_METHOD_MATCH = YES;
				"CODE_SIGN_IDENTITY[sdk=iphoneos*]" = "iPhone Developer: Rene Rodriguez (T765HT7HA7)";
				COPY_PHASE_STRIP = NO;
				DEBUG_INFORMATION_FORMAT = "dwarf-with-dsym";
				ENABLE_STRICT_OBJC_MSGSEND = YES;
				ENABLE_TESTABILITY = YES;
				GCC_C_LANGUAGE_STANDARD = gnu99;
				GCC_DYNAMIC_NO_PIC = NO;
				GCC_NO_COMMON_BLOCKS = YES;
				GCC_OPTIMIZATION_LEVEL = 0;
				GCC_PREPROCESSOR_DEFINITIONS = (
					"DEBUG=1",
					"$(inherited)",
				);
				GCC_WARN_64_TO_32_BIT_CONVERSION = YES;
				GCC_WARN_ABOUT_RETURN_TYPE = YES_ERROR;
				GCC_WARN_UNDECLARED_SELECTOR = YES;
				GCC_WARN_UNINITIALIZED_AUTOS = YES_AGGRESSIVE;
				GCC_WARN_UNUSED_FUNCTION = YES;
				GCC_WARN_UNUSED_VARIABLE = YES;
				IPHONEOS_DEPLOYMENT_TARGET = 8.4;
				MTL_ENABLE_DEBUG_INFO = YES;
				ONLY_ACTIVE_ARCH = YES;
				SDKROOT = iphoneos;
				SWIFT_OPTIMIZATION_LEVEL = "-Onone";
				TARGETED_DEVICE_FAMILY = "1,2";
				TOOLCHAINS = default;
			};
			name = Debug;
		};
		523913BE1B014F7600B5C8F1 /* Release */ = {
			isa = XCBuildConfiguration;
			buildSettings = {
				ALWAYS_SEARCH_USER_PATHS = NO;
				CLANG_CXX_LANGUAGE_STANDARD = "gnu++0x";
				CLANG_CXX_LIBRARY = "libc++";
				CLANG_ENABLE_MODULES = YES;
				CLANG_ENABLE_OBJC_ARC = YES;
				CLANG_WARN_BOOL_CONVERSION = YES;
				CLANG_WARN_CONSTANT_CONVERSION = YES;
				CLANG_WARN_DIRECT_OBJC_ISA_USAGE = YES_ERROR;
				CLANG_WARN_EMPTY_BODY = YES;
				CLANG_WARN_ENUM_CONVERSION = YES;
				CLANG_WARN_INT_CONVERSION = YES;
				CLANG_WARN_OBJC_ROOT_CLASS = YES_ERROR;
				CLANG_WARN_UNREACHABLE_CODE = YES;
				CLANG_WARN__DUPLICATE_METHOD_MATCH = YES;
				"CODE_SIGN_IDENTITY[sdk=iphoneos*]" = "iPhone Developer: Rene Rodriguez (T765HT7HA7)";
				COPY_PHASE_STRIP = NO;
				DEBUG_INFORMATION_FORMAT = "dwarf-with-dsym";
				ENABLE_NS_ASSERTIONS = NO;
				ENABLE_STRICT_OBJC_MSGSEND = YES;
				GCC_C_LANGUAGE_STANDARD = gnu99;
				GCC_NO_COMMON_BLOCKS = YES;
				GCC_WARN_64_TO_32_BIT_CONVERSION = YES;
				GCC_WARN_ABOUT_RETURN_TYPE = YES_ERROR;
				GCC_WARN_UNDECLARED_SELECTOR = YES;
				GCC_WARN_UNINITIALIZED_AUTOS = YES_AGGRESSIVE;
				GCC_WARN_UNUSED_FUNCTION = YES;
				GCC_WARN_UNUSED_VARIABLE = YES;
				IPHONEOS_DEPLOYMENT_TARGET = 8.4;
				MTL_ENABLE_DEBUG_INFO = NO;
				SDKROOT = iphoneos;
				TARGETED_DEVICE_FAMILY = "1,2";
				TOOLCHAINS = default;
				VALIDATE_PRODUCT = YES;
			};
			name = Release;
		};
		523913C01B014F7600B5C8F1 /* Debug */ = {
			isa = XCBuildConfiguration;
			buildSettings = {
				ASSETCATALOG_COMPILER_APPICON_NAME = AppIcon;
				INFOPLIST_FILE = MusicMotion/Info.plist;
				IPHONEOS_DEPLOYMENT_TARGET = 8.4;
				LD_RUNPATH_SEARCH_PATHS = "$(inherited) @executable_path/Frameworks";
				PRODUCT_NAME = "$(TARGET_NAME)";
				VALIDATE_PRODUCT = NO;
			};
			name = Debug;
		};
		523913C11B014F7600B5C8F1 /* Release */ = {
			isa = XCBuildConfiguration;
			buildSettings = {
				ASSETCATALOG_COMPILER_APPICON_NAME = AppIcon;
				INFOPLIST_FILE = MusicMotion/Info.plist;
				IPHONEOS_DEPLOYMENT_TARGET = 8.4;
				LD_RUNPATH_SEARCH_PATHS = "$(inherited) @executable_path/Frameworks";
				PRODUCT_NAME = "$(TARGET_NAME)";
				VALIDATE_PRODUCT = NO;
			};
			name = Release;
		};
		E91C32301B84112E00148A5F /* Debug */ = {
			isa = XCBuildConfiguration;
			buildSettings = {
				CODE_SIGN_IDENTITY = "iPhone Developer";
				GCC_PREPROCESSOR_DEFINITIONS = (
					"DEBUG=1",
					"$(inherited)",
				);
				GCC_SYMBOLS_PRIVATE_EXTERN = NO;
				INFOPLIST_FILE = "MusicMotion WatchKit Extension/Info.plist";
				LD_RUNPATH_SEARCH_PATHS = "$(inherited) @executable_path/Frameworks @executable_path/../../Frameworks";
				PRODUCT_NAME = "${TARGET_NAME}";
				SKIP_INSTALL = YES;
			};
			name = Debug;
		};
		E91C32311B84112E00148A5F /* Release */ = {
			isa = XCBuildConfiguration;
			buildSettings = {
				CODE_SIGN_IDENTITY = "iPhone Developer";
				INFOPLIST_FILE = "MusicMotion WatchKit Extension/Info.plist";
				LD_RUNPATH_SEARCH_PATHS = "$(inherited) @executable_path/Frameworks @executable_path/../../Frameworks";
				PRODUCT_NAME = "${TARGET_NAME}";
				SKIP_INSTALL = YES;
			};
			name = Release;
		};
		E91C32321B84112E00148A5F /* Debug */ = {
			isa = XCBuildConfiguration;
			buildSettings = {
				ASSETCATALOG_COMPILER_APPICON_NAME = AppIcon;
				CODE_SIGN_IDENTITY = "iPhone Developer";
				"CODE_SIGN_IDENTITY[sdk=iphoneos*]" = "iPhone Developer";
				GCC_PREPROCESSOR_DEFINITIONS = (
					"DEBUG=1",
					"$(inherited)",
				);
				GCC_SYMBOLS_PRIVATE_EXTERN = NO;
				IBSC_MODULE = MusicMotion_WatchKit_Extension;
				INFOPLIST_FILE = "MusicMotion WatchKit App/Info.plist";
				IPHONEOS_DEPLOYMENT_TARGET = 8.2;
				PRODUCT_NAME = "$(TARGET_NAME)";
				PROVISIONING_PROFILE = "";
				SKIP_INSTALL = YES;
				TARGETED_DEVICE_FAMILY = 4;
				"TARGETED_DEVICE_FAMILY[sdk=iphonesimulator*]" = "1,4";
			};
			name = Debug;
		};
		E91C32331B84112E00148A5F /* Release */ = {
			isa = XCBuildConfiguration;
			buildSettings = {
				ASSETCATALOG_COMPILER_APPICON_NAME = AppIcon;
				CODE_SIGN_IDENTITY = "iPhone Developer";
				"CODE_SIGN_IDENTITY[sdk=iphoneos*]" = "iPhone Developer";
				IBSC_MODULE = MusicMotion_WatchKit_Extension;
				INFOPLIST_FILE = "MusicMotion WatchKit App/Info.plist";
				IPHONEOS_DEPLOYMENT_TARGET = 8.2;
				PRODUCT_NAME = "$(TARGET_NAME)";
				PROVISIONING_PROFILE = "";
				SKIP_INSTALL = YES;
				TARGETED_DEVICE_FAMILY = 4;
				"TARGETED_DEVICE_FAMILY[sdk=iphonesimulator*]" = "1,4";
			};
			name = Release;
		};
/* End XCBuildConfiguration section */

/* Begin XCConfigurationList section */
		5239139D1B014F7600B5C8F1 /* Build configuration list for PBXProject "MusicMotion" */ = {
			isa = XCConfigurationList;
			buildConfigurations = (
				523913BD1B014F7600B5C8F1 /* Debug */,
				523913BE1B014F7600B5C8F1 /* Release */,
			);
			defaultConfigurationIsVisible = 0;
			defaultConfigurationName = Release;
		};
		523913BF1B014F7600B5C8F1 /* Build configuration list for PBXNativeTarget "MusicMotion" */ = {
			isa = XCConfigurationList;
			buildConfigurations = (
				523913C01B014F7600B5C8F1 /* Debug */,
				523913C11B014F7600B5C8F1 /* Release */,
			);
			defaultConfigurationIsVisible = 0;
			defaultConfigurationName = Release;
		};
		E91C32341B84112E00148A5F /* Build configuration list for PBXNativeTarget "MusicMotion WatchKit App" */ = {
			isa = XCConfigurationList;
			buildConfigurations = (
				E91C32321B84112E00148A5F /* Debug */,
				E91C32331B84112E00148A5F /* Release */,
			);
			defaultConfigurationIsVisible = 0;
			defaultConfigurationName = Release;
		};
		E91C32351B84112E00148A5F /* Build configuration list for PBXNativeTarget "MusicMotion WatchKit Extension" */ = {
			isa = XCConfigurationList;
			buildConfigurations = (
				E91C32301B84112E00148A5F /* Debug */,
				E91C32311B84112E00148A5F /* Release */,
			);
			defaultConfigurationIsVisible = 0;
			defaultConfigurationName = Release;
		};
/* End XCConfigurationList section */
	};
	rootObject = 5239139A1B014F7600B5C8F1 /* Project object */;
}
